
Microsoft Visual Studio Solution File, Format Version 12.00
# Visual Studio Version 17
VisualStudioVersion = 17.8.34511.84
MinimumVisualStudioVersion = 10.0.40219.1
Project("{9A19103F-16F7-4668-BE54-9A1E7A4F7556}") = "HolaMundo", "HolaMundo\HolaMundo.csproj", "{4C555F7B-A83E-4836-BB90-B5C0034E16B1}"
EndProject
Project("{2150E333-8FDC-42A3-9474-1A3956D46DE8}") = "Utilidades", "Utilidades", "{6DEF07AC-F446-4135-81F1-BAFEABCAF19E}"
EndProject
Project("{9A19103F-16F7-4668-BE54-9A1E7A4F7556}") = "Utilidades", "Utilidades\Utilidades.csproj", "{A97517F9-E9A6-42FB-B4C3-76A948C249DC}"
EndProject
Project("{9A19103F-16F7-4668-BE54-9A1E7A4F7556}") = "ConversorDeTemperaturasCLI", "ConversorTemperaturas\ConversorDeTemperaturasCLI.csproj", "{4795D1C7-8D12-43C1-8893-5842B10C7B6F}"
EndProject
Project("{9A19103F-16F7-4668-BE54-9A1E7A4F7556}") = "Clases", "Clases\Clases.csproj", "{716AB805-CD17-433E-8E36-C3F00CF6B736}"
EndProject
Project("{9A19103F-16F7-4668-BE54-9A1E7A4F7556}") = "Amazon", "Amazon\Amazon.csproj", "{B0D8BC98-754B-4015-AE40-0EFDA781CC1A}"
EndProject
Project("{2150E333-8FDC-42A3-9474-1A3956D46DE8}") = "OOP", "OOP", "{32F60520-AFC9-4532-AA3F-C29D7B8D4834}"
EndProject
Project("{2150E333-8FDC-42A3-9474-1A3956D46DE8}") = "Herencia", "Herencia", "{FC2C44DC-5942-4875-B765-74E6E33A47B4}"
EndProject
Project("{9A19103F-16F7-4668-BE54-9A1E7A4F7556}") = "ACME", "ACME\ACME.csproj", "{0B10D739-8536-4EE3-B95C-A585B215861B}"
EndProject
Project("{2150E333-8FDC-42A3-9474-1A3956D46DE8}") = "CondicionalesBucles", "CondicionalesBucles", "{8E8830B1-0C13-4DEC-8417-050999D068A6}"
EndProject
Project("{9A19103F-16F7-4668-BE54-9A1E7A4F7556}") = "Condicionales", "Condicionales\Condicionales.csproj", "{21ECC0C5-7443-42FB-8011-03C3B9872633}"
EndProject
Project("{9A19103F-16F7-4668-BE54-9A1E7A4F7556}") = "BucleFor", "BucleFor\BucleFor.csproj", "{3F3E953D-B019-40B5-A559-8B6E10C4CE4D}"
EndProject
Project("{9A19103F-16F7-4668-BE54-9A1E7A4F7556}") = "BucleWhile", "BucleWhile\BucleWhile.csproj", "{B3C4A397-5321-4A5D-8765-4EA23208BB91}"
EndProject
Project("{9A19103F-16F7-4668-BE54-9A1E7A4F7556}") = "Switch", "Switch\Switch.csproj", "{B95163C9-44E6-460E-8620-59CEC6BB84BF}"
EndProject
Project("{9A19103F-16F7-4668-BE54-9A1E7A4F7556}") = "Enums", "Enums\Enums.csproj", "{74B88924-77E4-47DD-A0C1-8E0D01AAE7B8}"
EndProject
Project("{9A19103F-16F7-4668-BE54-9A1E7A4F7556}") = "ClasificacionDePeliculas", "ClasificacionDePeliculas\ClasificacionDePeliculas.csproj", "{4220BE38-7705-4186-A9BF-9B9841D6AEBD}"
EndProject
Project("{2150E333-8FDC-42A3-9474-1A3956D46DE8}") = "Excepciones", "Excepciones", "{3F74CB85-78C9-498D-9180-F68B3D3762F2}"
EndProject
Project("{9A19103F-16F7-4668-BE54-9A1E7A4F7556}") = "Excepcion", "Excepcion\Excepcion.csproj", "{0F416C83-AF12-4020-9F0E-31744670D7F9}"
EndProject
Project("{2150E333-8FDC-42A3-9474-1A3956D46DE8}") = "ConversorMonedasCLI", "ConversorMonedasCLI", "{06681683-B2DB-4ACA-8392-3D28CE8355FE}"
EndProject
Project("{2150E333-8FDC-42A3-9474-1A3956D46DE8}") = "Colecciones", "Colecciones", "{BB0F49D3-2A5A-4CA7-8F80-30B3B726260D}"
EndProject
Project("{9A19103F-16F7-4668-BE54-9A1E7A4F7556}") = "Arrays", "Colecciones\Arrays.csproj", "{CDC31D50-C283-4299-BDFD-94DDF31C5C70}"
EndProject
Project("{9A19103F-16F7-4668-BE54-9A1E7A4F7556}") = "Listas", "Listas\Listas.csproj", "{8D0E98C7-7C5C-4739-B1D3-D50FC7F20196}"
EndProject
Project("{9A19103F-16F7-4668-BE54-9A1E7A4F7556}") = "Diccionarios", "Diccionarios\Diccionarios.csproj", "{D5B7D475-904C-473A-B583-DC779C887384}"
EndProject
Project("{2150E333-8FDC-42A3-9474-1A3956D46DE8}") = "Interfaces", "Interfaces", "{89D4D78D-8398-416D-814F-FA45DF8F950E}"
EndProject
Project("{9A19103F-16F7-4668-BE54-9A1E7A4F7556}") = "InterfazArchivos", "Interfaces\InterfazArchivos.csproj", "{28D0D153-B7BF-4756-9492-EB2D7192250C}"
EndProject
Project("{2150E333-8FDC-42A3-9474-1A3956D46DE8}") = "Pagos", "Pagos", "{959018A4-E67B-4C63-99FB-9E233601568B}"
EndProject
Project("{9A19103F-16F7-4668-BE54-9A1E7A4F7556}") = "GestorPagos", "Pagos\GestorPagos.csproj", "{169C54B7-1EDB-44F0-A79D-0CC57274CE4E}"
EndProject
Project("{2150E333-8FDC-42A3-9474-1A3956D46DE8}") = "Operadores avanzados", "Operadores avanzados", "{A15CE4C3-C158-4D32-A054-8DB2438032B9}"
EndProject
Project("{9A19103F-16F7-4668-BE54-9A1E7A4F7556}") = "Operadores", "Operadores\Operadores.csproj", "{006EDA2A-451C-499D-940B-AEF4F896CAAC}"
EndProject
Project("{9A19103F-16F7-4668-BE54-9A1E7A4F7556}") = "Agenda", "Agenda\Agenda.csproj", "{521DD136-C224-49C0-9283-6E17591D59F1}"
EndProject
Project("{2150E333-8FDC-42A3-9474-1A3956D46DE8}") = "Async", "Async", "{11319EA8-4FDF-4E57-8FD5-9B8DE2E5A292}"
EndProject
Project("{9A19103F-16F7-4668-BE54-9A1E7A4F7556}") = "Asincronia", "Asincronia\Asincronia.csproj", "{F00510A4-4ED0-4A0E-90D0-07CBF448B464}"
EndProject
Project("{9A19103F-16F7-4668-BE54-9A1E7A4F7556}") = "AsincroniaEscritorio", "AsincroniaEscritorio\AsincroniaEscritorio.csproj", "{7D67C179-B06E-4650-A0F7-7BB1494EFF17}"
EndProject
Project("{2150E333-8FDC-42A3-9474-1A3956D46DE8}") = "ConversorTemperaturasCLI", "ConversorTemperaturasCLI", "{5B3E9AC3-06E0-4E37-B653-5D300FE4BBF0}"
EndProject
Project("{9A19103F-16F7-4668-BE54-9A1E7A4F7556}") = "ConversorDeMonedasCLI", "ConversorMonedas\ConversorDeMonedasCLI.csproj", "{08EAF34C-6562-45CC-8604-56D621C03FC1}"
EndProject
Global
	GlobalSection(SolutionConfigurationPlatforms) = preSolution
		Debug|Any CPU = Debug|Any CPU
		Debug|ARM = Debug|ARM
		Debug|x64 = Debug|x64
		Debug|x86 = Debug|x86
		Release|Any CPU = Release|Any CPU
		Release|ARM = Release|ARM
		Release|x64 = Release|x64
		Release|x86 = Release|x86
	EndGlobalSection
	GlobalSection(ProjectConfigurationPlatforms) = postSolution
		{4C555F7B-A83E-4836-BB90-B5C0034E16B1}.Debug|Any CPU.ActiveCfg = Debug|Any CPU
		{4C555F7B-A83E-4836-BB90-B5C0034E16B1}.Debug|Any CPU.Build.0 = Debug|Any CPU
		{4C555F7B-A83E-4836-BB90-B5C0034E16B1}.Debug|ARM.ActiveCfg = Debug|Any CPU
		{4C555F7B-A83E-4836-BB90-B5C0034E16B1}.Debug|ARM.Build.0 = Debug|Any CPU
		{4C555F7B-A83E-4836-BB90-B5C0034E16B1}.Debug|x64.ActiveCfg = Debug|Any CPU
		{4C555F7B-A83E-4836-BB90-B5C0034E16B1}.Debug|x64.Build.0 = Debug|Any CPU
		{4C555F7B-A83E-4836-BB90-B5C0034E16B1}.Debug|x86.ActiveCfg = Debug|Any CPU
		{4C555F7B-A83E-4836-BB90-B5C0034E16B1}.Debug|x86.Build.0 = Debug|Any CPU
		{4C555F7B-A83E-4836-BB90-B5C0034E16B1}.Release|Any CPU.ActiveCfg = Release|Any CPU
		{4C555F7B-A83E-4836-BB90-B5C0034E16B1}.Release|Any CPU.Build.0 = Release|Any CPU
		{4C555F7B-A83E-4836-BB90-B5C0034E16B1}.Release|ARM.ActiveCfg = Release|Any CPU
		{4C555F7B-A83E-4836-BB90-B5C0034E16B1}.Release|ARM.Build.0 = Release|Any CPU
		{4C555F7B-A83E-4836-BB90-B5C0034E16B1}.Release|x64.ActiveCfg = Release|Any CPU
		{4C555F7B-A83E-4836-BB90-B5C0034E16B1}.Release|x64.Build.0 = Release|Any CPU
		{4C555F7B-A83E-4836-BB90-B5C0034E16B1}.Release|x86.ActiveCfg = Release|Any CPU
		{4C555F7B-A83E-4836-BB90-B5C0034E16B1}.Release|x86.Build.0 = Release|Any CPU
		{A97517F9-E9A6-42FB-B4C3-76A948C249DC}.Debug|Any CPU.ActiveCfg = Debug|Any CPU
		{A97517F9-E9A6-42FB-B4C3-76A948C249DC}.Debug|Any CPU.Build.0 = Debug|Any CPU
		{A97517F9-E9A6-42FB-B4C3-76A948C249DC}.Debug|ARM.ActiveCfg = Debug|Any CPU
		{A97517F9-E9A6-42FB-B4C3-76A948C249DC}.Debug|ARM.Build.0 = Debug|Any CPU
		{A97517F9-E9A6-42FB-B4C3-76A948C249DC}.Debug|x64.ActiveCfg = Debug|Any CPU
		{A97517F9-E9A6-42FB-B4C3-76A948C249DC}.Debug|x64.Build.0 = Debug|Any CPU
		{A97517F9-E9A6-42FB-B4C3-76A948C249DC}.Debug|x86.ActiveCfg = Debug|Any CPU
		{A97517F9-E9A6-42FB-B4C3-76A948C249DC}.Debug|x86.Build.0 = Debug|Any CPU
		{A97517F9-E9A6-42FB-B4C3-76A948C249DC}.Release|Any CPU.ActiveCfg = Release|Any CPU
		{A97517F9-E9A6-42FB-B4C3-76A948C249DC}.Release|Any CPU.Build.0 = Release|Any CPU
		{A97517F9-E9A6-42FB-B4C3-76A948C249DC}.Release|ARM.ActiveCfg = Release|Any CPU
		{A97517F9-E9A6-42FB-B4C3-76A948C249DC}.Release|ARM.Build.0 = Release|Any CPU
		{A97517F9-E9A6-42FB-B4C3-76A948C249DC}.Release|x64.ActiveCfg = Release|Any CPU
		{A97517F9-E9A6-42FB-B4C3-76A948C249DC}.Release|x64.Build.0 = Release|Any CPU
		{A97517F9-E9A6-42FB-B4C3-76A948C249DC}.Release|x86.ActiveCfg = Release|Any CPU
		{A97517F9-E9A6-42FB-B4C3-76A948C249DC}.Release|x86.Build.0 = Release|Any CPU
		{4795D1C7-8D12-43C1-8893-5842B10C7B6F}.Debug|Any CPU.ActiveCfg = Debug|Any CPU
		{4795D1C7-8D12-43C1-8893-5842B10C7B6F}.Debug|Any CPU.Build.0 = Debug|Any CPU
		{4795D1C7-8D12-43C1-8893-5842B10C7B6F}.Debug|ARM.ActiveCfg = Debug|Any CPU
		{4795D1C7-8D12-43C1-8893-5842B10C7B6F}.Debug|ARM.Build.0 = Debug|Any CPU
		{4795D1C7-8D12-43C1-8893-5842B10C7B6F}.Debug|x64.ActiveCfg = Debug|Any CPU
		{4795D1C7-8D12-43C1-8893-5842B10C7B6F}.Debug|x64.Build.0 = Debug|Any CPU
		{4795D1C7-8D12-43C1-8893-5842B10C7B6F}.Debug|x86.ActiveCfg = Debug|Any CPU
		{4795D1C7-8D12-43C1-8893-5842B10C7B6F}.Debug|x86.Build.0 = Debug|Any CPU
		{4795D1C7-8D12-43C1-8893-5842B10C7B6F}.Release|Any CPU.ActiveCfg = Release|Any CPU
		{4795D1C7-8D12-43C1-8893-5842B10C7B6F}.Release|Any CPU.Build.0 = Release|Any CPU
		{4795D1C7-8D12-43C1-8893-5842B10C7B6F}.Release|ARM.ActiveCfg = Release|Any CPU
		{4795D1C7-8D12-43C1-8893-5842B10C7B6F}.Release|ARM.Build.0 = Release|Any CPU
		{4795D1C7-8D12-43C1-8893-5842B10C7B6F}.Release|x64.ActiveCfg = Release|Any CPU
		{4795D1C7-8D12-43C1-8893-5842B10C7B6F}.Release|x64.Build.0 = Release|Any CPU
		{4795D1C7-8D12-43C1-8893-5842B10C7B6F}.Release|x86.ActiveCfg = Release|Any CPU
		{4795D1C7-8D12-43C1-8893-5842B10C7B6F}.Release|x86.Build.0 = Release|Any CPU
		{716AB805-CD17-433E-8E36-C3F00CF6B736}.Debug|Any CPU.ActiveCfg = Debug|Any CPU
		{716AB805-CD17-433E-8E36-C3F00CF6B736}.Debug|Any CPU.Build.0 = Debug|Any CPU
		{716AB805-CD17-433E-8E36-C3F00CF6B736}.Debug|ARM.ActiveCfg = Debug|Any CPU
		{716AB805-CD17-433E-8E36-C3F00CF6B736}.Debug|ARM.Build.0 = Debug|Any CPU
		{716AB805-CD17-433E-8E36-C3F00CF6B736}.Debug|x64.ActiveCfg = Debug|Any CPU
		{716AB805-CD17-433E-8E36-C3F00CF6B736}.Debug|x64.Build.0 = Debug|Any CPU
		{716AB805-CD17-433E-8E36-C3F00CF6B736}.Debug|x86.ActiveCfg = Debug|Any CPU
		{716AB805-CD17-433E-8E36-C3F00CF6B736}.Debug|x86.Build.0 = Debug|Any CPU
		{716AB805-CD17-433E-8E36-C3F00CF6B736}.Release|Any CPU.ActiveCfg = Release|Any CPU
		{716AB805-CD17-433E-8E36-C3F00CF6B736}.Release|Any CPU.Build.0 = Release|Any CPU
		{716AB805-CD17-433E-8E36-C3F00CF6B736}.Release|ARM.ActiveCfg = Release|Any CPU
		{716AB805-CD17-433E-8E36-C3F00CF6B736}.Release|ARM.Build.0 = Release|Any CPU
		{716AB805-CD17-433E-8E36-C3F00CF6B736}.Release|x64.ActiveCfg = Release|Any CPU
		{716AB805-CD17-433E-8E36-C3F00CF6B736}.Release|x64.Build.0 = Release|Any CPU
		{716AB805-CD17-433E-8E36-C3F00CF6B736}.Release|x86.ActiveCfg = Release|Any CPU
		{716AB805-CD17-433E-8E36-C3F00CF6B736}.Release|x86.Build.0 = Release|Any CPU
		{B0D8BC98-754B-4015-AE40-0EFDA781CC1A}.Debug|Any CPU.ActiveCfg = Debug|Any CPU
		{B0D8BC98-754B-4015-AE40-0EFDA781CC1A}.Debug|Any CPU.Build.0 = Debug|Any CPU
		{B0D8BC98-754B-4015-AE40-0EFDA781CC1A}.Debug|ARM.ActiveCfg = Debug|Any CPU
		{B0D8BC98-754B-4015-AE40-0EFDA781CC1A}.Debug|ARM.Build.0 = Debug|Any CPU
		{B0D8BC98-754B-4015-AE40-0EFDA781CC1A}.Debug|x64.ActiveCfg = Debug|Any CPU
		{B0D8BC98-754B-4015-AE40-0EFDA781CC1A}.Debug|x64.Build.0 = Debug|Any CPU
		{B0D8BC98-754B-4015-AE40-0EFDA781CC1A}.Debug|x86.ActiveCfg = Debug|Any CPU
		{B0D8BC98-754B-4015-AE40-0EFDA781CC1A}.Debug|x86.Build.0 = Debug|Any CPU
		{B0D8BC98-754B-4015-AE40-0EFDA781CC1A}.Release|Any CPU.ActiveCfg = Release|Any CPU
		{B0D8BC98-754B-4015-AE40-0EFDA781CC1A}.Release|Any CPU.Build.0 = Release|Any CPU
		{B0D8BC98-754B-4015-AE40-0EFDA781CC1A}.Release|ARM.ActiveCfg = Release|Any CPU
		{B0D8BC98-754B-4015-AE40-0EFDA781CC1A}.Release|ARM.Build.0 = Release|Any CPU
		{B0D8BC98-754B-4015-AE40-0EFDA781CC1A}.Release|x64.ActiveCfg = Release|Any CPU
		{B0D8BC98-754B-4015-AE40-0EFDA781CC1A}.Release|x64.Build.0 = Release|Any CPU
		{B0D8BC98-754B-4015-AE40-0EFDA781CC1A}.Release|x86.ActiveCfg = Release|Any CPU
		{B0D8BC98-754B-4015-AE40-0EFDA781CC1A}.Release|x86.Build.0 = Release|Any CPU
		{0B10D739-8536-4EE3-B95C-A585B215861B}.Debug|Any CPU.ActiveCfg = Debug|Any CPU
		{0B10D739-8536-4EE3-B95C-A585B215861B}.Debug|Any CPU.Build.0 = Debug|Any CPU
		{0B10D739-8536-4EE3-B95C-A585B215861B}.Debug|ARM.ActiveCfg = Debug|Any CPU
		{0B10D739-8536-4EE3-B95C-A585B215861B}.Debug|ARM.Build.0 = Debug|Any CPU
		{0B10D739-8536-4EE3-B95C-A585B215861B}.Debug|x64.ActiveCfg = Debug|Any CPU
		{0B10D739-8536-4EE3-B95C-A585B215861B}.Debug|x64.Build.0 = Debug|Any CPU
		{0B10D739-8536-4EE3-B95C-A585B215861B}.Debug|x86.ActiveCfg = Debug|Any CPU
		{0B10D739-8536-4EE3-B95C-A585B215861B}.Debug|x86.Build.0 = Debug|Any CPU
		{0B10D739-8536-4EE3-B95C-A585B215861B}.Release|Any CPU.ActiveCfg = Release|Any CPU
		{0B10D739-8536-4EE3-B95C-A585B215861B}.Release|Any CPU.Build.0 = Release|Any CPU
		{0B10D739-8536-4EE3-B95C-A585B215861B}.Release|ARM.ActiveCfg = Release|Any CPU
		{0B10D739-8536-4EE3-B95C-A585B215861B}.Release|ARM.Build.0 = Release|Any CPU
		{0B10D739-8536-4EE3-B95C-A585B215861B}.Release|x64.ActiveCfg = Release|Any CPU
		{0B10D739-8536-4EE3-B95C-A585B215861B}.Release|x64.Build.0 = Release|Any CPU
		{0B10D739-8536-4EE3-B95C-A585B215861B}.Release|x86.ActiveCfg = Release|Any CPU
		{0B10D739-8536-4EE3-B95C-A585B215861B}.Release|x86.Build.0 = Release|Any CPU
		{21ECC0C5-7443-42FB-8011-03C3B9872633}.Debug|Any CPU.ActiveCfg = Debug|Any CPU
		{21ECC0C5-7443-42FB-8011-03C3B9872633}.Debug|Any CPU.Build.0 = Debug|Any CPU
		{21ECC0C5-7443-42FB-8011-03C3B9872633}.Debug|ARM.ActiveCfg = Debug|Any CPU
		{21ECC0C5-7443-42FB-8011-03C3B9872633}.Debug|ARM.Build.0 = Debug|Any CPU
		{21ECC0C5-7443-42FB-8011-03C3B9872633}.Debug|x64.ActiveCfg = Debug|Any CPU
		{21ECC0C5-7443-42FB-8011-03C3B9872633}.Debug|x64.Build.0 = Debug|Any CPU
		{21ECC0C5-7443-42FB-8011-03C3B9872633}.Debug|x86.ActiveCfg = Debug|Any CPU
		{21ECC0C5-7443-42FB-8011-03C3B9872633}.Debug|x86.Build.0 = Debug|Any CPU
		{21ECC0C5-7443-42FB-8011-03C3B9872633}.Release|Any CPU.ActiveCfg = Release|Any CPU
		{21ECC0C5-7443-42FB-8011-03C3B9872633}.Release|Any CPU.Build.0 = Release|Any CPU
		{21ECC0C5-7443-42FB-8011-03C3B9872633}.Release|ARM.ActiveCfg = Release|Any CPU
		{21ECC0C5-7443-42FB-8011-03C3B9872633}.Release|ARM.Build.0 = Release|Any CPU
		{21ECC0C5-7443-42FB-8011-03C3B9872633}.Release|x64.ActiveCfg = Release|Any CPU
		{21ECC0C5-7443-42FB-8011-03C3B9872633}.Release|x64.Build.0 = Release|Any CPU
		{21ECC0C5-7443-42FB-8011-03C3B9872633}.Release|x86.ActiveCfg = Release|Any CPU
		{21ECC0C5-7443-42FB-8011-03C3B9872633}.Release|x86.Build.0 = Release|Any CPU
		{3F3E953D-B019-40B5-A559-8B6E10C4CE4D}.Debug|Any CPU.ActiveCfg = Debug|Any CPU
		{3F3E953D-B019-40B5-A559-8B6E10C4CE4D}.Debug|Any CPU.Build.0 = Debug|Any CPU
		{3F3E953D-B019-40B5-A559-8B6E10C4CE4D}.Debug|ARM.ActiveCfg = Debug|Any CPU
		{3F3E953D-B019-40B5-A559-8B6E10C4CE4D}.Debug|ARM.Build.0 = Debug|Any CPU
		{3F3E953D-B019-40B5-A559-8B6E10C4CE4D}.Debug|x64.ActiveCfg = Debug|Any CPU
		{3F3E953D-B019-40B5-A559-8B6E10C4CE4D}.Debug|x64.Build.0 = Debug|Any CPU
		{3F3E953D-B019-40B5-A559-8B6E10C4CE4D}.Debug|x86.ActiveCfg = Debug|Any CPU
		{3F3E953D-B019-40B5-A559-8B6E10C4CE4D}.Debug|x86.Build.0 = Debug|Any CPU
		{3F3E953D-B019-40B5-A559-8B6E10C4CE4D}.Release|Any CPU.ActiveCfg = Release|Any CPU
		{3F3E953D-B019-40B5-A559-8B6E10C4CE4D}.Release|Any CPU.Build.0 = Release|Any CPU
		{3F3E953D-B019-40B5-A559-8B6E10C4CE4D}.Release|ARM.ActiveCfg = Release|Any CPU
		{3F3E953D-B019-40B5-A559-8B6E10C4CE4D}.Release|ARM.Build.0 = Release|Any CPU
		{3F3E953D-B019-40B5-A559-8B6E10C4CE4D}.Release|x64.ActiveCfg = Release|Any CPU
		{3F3E953D-B019-40B5-A559-8B6E10C4CE4D}.Release|x64.Build.0 = Release|Any CPU
		{3F3E953D-B019-40B5-A559-8B6E10C4CE4D}.Release|x86.ActiveCfg = Release|Any CPU
		{3F3E953D-B019-40B5-A559-8B6E10C4CE4D}.Release|x86.Build.0 = Release|Any CPU
		{B3C4A397-5321-4A5D-8765-4EA23208BB91}.Debug|Any CPU.ActiveCfg = Debug|Any CPU
		{B3C4A397-5321-4A5D-8765-4EA23208BB91}.Debug|Any CPU.Build.0 = Debug|Any CPU
		{B3C4A397-5321-4A5D-8765-4EA23208BB91}.Debug|ARM.ActiveCfg = Debug|Any CPU
		{B3C4A397-5321-4A5D-8765-4EA23208BB91}.Debug|ARM.Build.0 = Debug|Any CPU
		{B3C4A397-5321-4A5D-8765-4EA23208BB91}.Debug|x64.ActiveCfg = Debug|Any CPU
		{B3C4A397-5321-4A5D-8765-4EA23208BB91}.Debug|x64.Build.0 = Debug|Any CPU
		{B3C4A397-5321-4A5D-8765-4EA23208BB91}.Debug|x86.ActiveCfg = Debug|Any CPU
		{B3C4A397-5321-4A5D-8765-4EA23208BB91}.Debug|x86.Build.0 = Debug|Any CPU
		{B3C4A397-5321-4A5D-8765-4EA23208BB91}.Release|Any CPU.ActiveCfg = Release|Any CPU
		{B3C4A397-5321-4A5D-8765-4EA23208BB91}.Release|Any CPU.Build.0 = Release|Any CPU
		{B3C4A397-5321-4A5D-8765-4EA23208BB91}.Release|ARM.ActiveCfg = Release|Any CPU
		{B3C4A397-5321-4A5D-8765-4EA23208BB91}.Release|ARM.Build.0 = Release|Any CPU
		{B3C4A397-5321-4A5D-8765-4EA23208BB91}.Release|x64.ActiveCfg = Release|Any CPU
		{B3C4A397-5321-4A5D-8765-4EA23208BB91}.Release|x64.Build.0 = Release|Any CPU
		{B3C4A397-5321-4A5D-8765-4EA23208BB91}.Release|x86.ActiveCfg = Release|Any CPU
		{B3C4A397-5321-4A5D-8765-4EA23208BB91}.Release|x86.Build.0 = Release|Any CPU
		{B95163C9-44E6-460E-8620-59CEC6BB84BF}.Debug|Any CPU.ActiveCfg = Debug|Any CPU
		{B95163C9-44E6-460E-8620-59CEC6BB84BF}.Debug|Any CPU.Build.0 = Debug|Any CPU
		{B95163C9-44E6-460E-8620-59CEC6BB84BF}.Debug|ARM.ActiveCfg = Debug|Any CPU
		{B95163C9-44E6-460E-8620-59CEC6BB84BF}.Debug|ARM.Build.0 = Debug|Any CPU
		{B95163C9-44E6-460E-8620-59CEC6BB84BF}.Debug|x64.ActiveCfg = Debug|Any CPU
		{B95163C9-44E6-460E-8620-59CEC6BB84BF}.Debug|x64.Build.0 = Debug|Any CPU
		{B95163C9-44E6-460E-8620-59CEC6BB84BF}.Debug|x86.ActiveCfg = Debug|Any CPU
		{B95163C9-44E6-460E-8620-59CEC6BB84BF}.Debug|x86.Build.0 = Debug|Any CPU
		{B95163C9-44E6-460E-8620-59CEC6BB84BF}.Release|Any CPU.ActiveCfg = Release|Any CPU
		{B95163C9-44E6-460E-8620-59CEC6BB84BF}.Release|Any CPU.Build.0 = Release|Any CPU
		{B95163C9-44E6-460E-8620-59CEC6BB84BF}.Release|ARM.ActiveCfg = Release|Any CPU
		{B95163C9-44E6-460E-8620-59CEC6BB84BF}.Release|ARM.Build.0 = Release|Any CPU
		{B95163C9-44E6-460E-8620-59CEC6BB84BF}.Release|x64.ActiveCfg = Release|Any CPU
		{B95163C9-44E6-460E-8620-59CEC6BB84BF}.Release|x64.Build.0 = Release|Any CPU
		{B95163C9-44E6-460E-8620-59CEC6BB84BF}.Release|x86.ActiveCfg = Release|Any CPU
		{B95163C9-44E6-460E-8620-59CEC6BB84BF}.Release|x86.Build.0 = Release|Any CPU
		{74B88924-77E4-47DD-A0C1-8E0D01AAE7B8}.Debug|Any CPU.ActiveCfg = Debug|Any CPU
		{74B88924-77E4-47DD-A0C1-8E0D01AAE7B8}.Debug|Any CPU.Build.0 = Debug|Any CPU
		{74B88924-77E4-47DD-A0C1-8E0D01AAE7B8}.Debug|ARM.ActiveCfg = Debug|Any CPU
		{74B88924-77E4-47DD-A0C1-8E0D01AAE7B8}.Debug|ARM.Build.0 = Debug|Any CPU
		{74B88924-77E4-47DD-A0C1-8E0D01AAE7B8}.Debug|x64.ActiveCfg = Debug|Any CPU
		{74B88924-77E4-47DD-A0C1-8E0D01AAE7B8}.Debug|x64.Build.0 = Debug|Any CPU
		{74B88924-77E4-47DD-A0C1-8E0D01AAE7B8}.Debug|x86.ActiveCfg = Debug|Any CPU
		{74B88924-77E4-47DD-A0C1-8E0D01AAE7B8}.Debug|x86.Build.0 = Debug|Any CPU
		{74B88924-77E4-47DD-A0C1-8E0D01AAE7B8}.Release|Any CPU.ActiveCfg = Release|Any CPU
		{74B88924-77E4-47DD-A0C1-8E0D01AAE7B8}.Release|Any CPU.Build.0 = Release|Any CPU
		{74B88924-77E4-47DD-A0C1-8E0D01AAE7B8}.Release|ARM.ActiveCfg = Release|Any CPU
		{74B88924-77E4-47DD-A0C1-8E0D01AAE7B8}.Release|ARM.Build.0 = Release|Any CPU
		{74B88924-77E4-47DD-A0C1-8E0D01AAE7B8}.Release|x64.ActiveCfg = Release|Any CPU
		{74B88924-77E4-47DD-A0C1-8E0D01AAE7B8}.Release|x64.Build.0 = Release|Any CPU
		{74B88924-77E4-47DD-A0C1-8E0D01AAE7B8}.Release|x86.ActiveCfg = Release|Any CPU
		{74B88924-77E4-47DD-A0C1-8E0D01AAE7B8}.Release|x86.Build.0 = Release|Any CPU
		{4220BE38-7705-4186-A9BF-9B9841D6AEBD}.Debug|Any CPU.ActiveCfg = Debug|Any CPU
		{4220BE38-7705-4186-A9BF-9B9841D6AEBD}.Debug|Any CPU.Build.0 = Debug|Any CPU
		{4220BE38-7705-4186-A9BF-9B9841D6AEBD}.Debug|ARM.ActiveCfg = Debug|Any CPU
		{4220BE38-7705-4186-A9BF-9B9841D6AEBD}.Debug|ARM.Build.0 = Debug|Any CPU
		{4220BE38-7705-4186-A9BF-9B9841D6AEBD}.Debug|x64.ActiveCfg = Debug|Any CPU
		{4220BE38-7705-4186-A9BF-9B9841D6AEBD}.Debug|x64.Build.0 = Debug|Any CPU
		{4220BE38-7705-4186-A9BF-9B9841D6AEBD}.Debug|x86.ActiveCfg = Debug|Any CPU
		{4220BE38-7705-4186-A9BF-9B9841D6AEBD}.Debug|x86.Build.0 = Debug|Any CPU
		{4220BE38-7705-4186-A9BF-9B9841D6AEBD}.Release|Any CPU.ActiveCfg = Release|Any CPU
		{4220BE38-7705-4186-A9BF-9B9841D6AEBD}.Release|Any CPU.Build.0 = Release|Any CPU
		{4220BE38-7705-4186-A9BF-9B9841D6AEBD}.Release|ARM.ActiveCfg = Release|Any CPU
		{4220BE38-7705-4186-A9BF-9B9841D6AEBD}.Release|ARM.Build.0 = Release|Any CPU
		{4220BE38-7705-4186-A9BF-9B9841D6AEBD}.Release|x64.ActiveCfg = Release|Any CPU
		{4220BE38-7705-4186-A9BF-9B9841D6AEBD}.Release|x64.Build.0 = Release|Any CPU
		{4220BE38-7705-4186-A9BF-9B9841D6AEBD}.Release|x86.ActiveCfg = Release|Any CPU
		{4220BE38-7705-4186-A9BF-9B9841D6AEBD}.Release|x86.Build.0 = Release|Any CPU
		{0F416C83-AF12-4020-9F0E-31744670D7F9}.Debug|Any CPU.ActiveCfg = Debug|Any CPU
		{0F416C83-AF12-4020-9F0E-31744670D7F9}.Debug|Any CPU.Build.0 = Debug|Any CPU
		{0F416C83-AF12-4020-9F0E-31744670D7F9}.Debug|ARM.ActiveCfg = Debug|Any CPU
		{0F416C83-AF12-4020-9F0E-31744670D7F9}.Debug|ARM.Build.0 = Debug|Any CPU
		{0F416C83-AF12-4020-9F0E-31744670D7F9}.Debug|x64.ActiveCfg = Debug|Any CPU
		{0F416C83-AF12-4020-9F0E-31744670D7F9}.Debug|x64.Build.0 = Debug|Any CPU
		{0F416C83-AF12-4020-9F0E-31744670D7F9}.Debug|x86.ActiveCfg = Debug|Any CPU
		{0F416C83-AF12-4020-9F0E-31744670D7F9}.Debug|x86.Build.0 = Debug|Any CPU
		{0F416C83-AF12-4020-9F0E-31744670D7F9}.Release|Any CPU.ActiveCfg = Release|Any CPU
		{0F416C83-AF12-4020-9F0E-31744670D7F9}.Release|Any CPU.Build.0 = Release|Any CPU
		{0F416C83-AF12-4020-9F0E-31744670D7F9}.Release|ARM.ActiveCfg = Release|Any CPU
		{0F416C83-AF12-4020-9F0E-31744670D7F9}.Release|ARM.Build.0 = Release|Any CPU
		{0F416C83-AF12-4020-9F0E-31744670D7F9}.Release|x64.ActiveCfg = Release|Any CPU
		{0F416C83-AF12-4020-9F0E-31744670D7F9}.Release|x64.Build.0 = Release|Any CPU
		{0F416C83-AF12-4020-9F0E-31744670D7F9}.Release|x86.ActiveCfg = Release|Any CPU
		{0F416C83-AF12-4020-9F0E-31744670D7F9}.Release|x86.Build.0 = Release|Any CPU
		{CDC31D50-C283-4299-BDFD-94DDF31C5C70}.Debug|Any CPU.ActiveCfg = Debug|Any CPU
		{CDC31D50-C283-4299-BDFD-94DDF31C5C70}.Debug|Any CPU.Build.0 = Debug|Any CPU
		{CDC31D50-C283-4299-BDFD-94DDF31C5C70}.Debug|ARM.ActiveCfg = Debug|Any CPU
		{CDC31D50-C283-4299-BDFD-94DDF31C5C70}.Debug|ARM.Build.0 = Debug|Any CPU
		{CDC31D50-C283-4299-BDFD-94DDF31C5C70}.Debug|x64.ActiveCfg = Debug|Any CPU
		{CDC31D50-C283-4299-BDFD-94DDF31C5C70}.Debug|x64.Build.0 = Debug|Any CPU
		{CDC31D50-C283-4299-BDFD-94DDF31C5C70}.Debug|x86.ActiveCfg = Debug|Any CPU
		{CDC31D50-C283-4299-BDFD-94DDF31C5C70}.Debug|x86.Build.0 = Debug|Any CPU
		{CDC31D50-C283-4299-BDFD-94DDF31C5C70}.Release|Any CPU.ActiveCfg = Release|Any CPU
		{CDC31D50-C283-4299-BDFD-94DDF31C5C70}.Release|Any CPU.Build.0 = Release|Any CPU
		{CDC31D50-C283-4299-BDFD-94DDF31C5C70}.Release|ARM.ActiveCfg = Release|Any CPU
		{CDC31D50-C283-4299-BDFD-94DDF31C5C70}.Release|ARM.Build.0 = Release|Any CPU
		{CDC31D50-C283-4299-BDFD-94DDF31C5C70}.Release|x64.ActiveCfg = Release|Any CPU
		{CDC31D50-C283-4299-BDFD-94DDF31C5C70}.Release|x64.Build.0 = Release|Any CPU
		{CDC31D50-C283-4299-BDFD-94DDF31C5C70}.Release|x86.ActiveCfg = Release|Any CPU
		{CDC31D50-C283-4299-BDFD-94DDF31C5C70}.Release|x86.Build.0 = Release|Any CPU
		{8D0E98C7-7C5C-4739-B1D3-D50FC7F20196}.Debug|Any CPU.ActiveCfg = Debug|Any CPU
		{8D0E98C7-7C5C-4739-B1D3-D50FC7F20196}.Debug|Any CPU.Build.0 = Debug|Any CPU
		{8D0E98C7-7C5C-4739-B1D3-D50FC7F20196}.Debug|ARM.ActiveCfg = Debug|Any CPU
		{8D0E98C7-7C5C-4739-B1D3-D50FC7F20196}.Debug|ARM.Build.0 = Debug|Any CPU
		{8D0E98C7-7C5C-4739-B1D3-D50FC7F20196}.Debug|x64.ActiveCfg = Debug|Any CPU
		{8D0E98C7-7C5C-4739-B1D3-D50FC7F20196}.Debug|x64.Build.0 = Debug|Any CPU
		{8D0E98C7-7C5C-4739-B1D3-D50FC7F20196}.Debug|x86.ActiveCfg = Debug|Any CPU
		{8D0E98C7-7C5C-4739-B1D3-D50FC7F20196}.Debug|x86.Build.0 = Debug|Any CPU
		{8D0E98C7-7C5C-4739-B1D3-D50FC7F20196}.Release|Any CPU.ActiveCfg = Release|Any CPU
		{8D0E98C7-7C5C-4739-B1D3-D50FC7F20196}.Release|Any CPU.Build.0 = Release|Any CPU
		{8D0E98C7-7C5C-4739-B1D3-D50FC7F20196}.Release|ARM.ActiveCfg = Release|Any CPU
		{8D0E98C7-7C5C-4739-B1D3-D50FC7F20196}.Release|ARM.Build.0 = Release|Any CPU
		{8D0E98C7-7C5C-4739-B1D3-D50FC7F20196}.Release|x64.ActiveCfg = Release|Any CPU
		{8D0E98C7-7C5C-4739-B1D3-D50FC7F20196}.Release|x64.Build.0 = Release|Any CPU
		{8D0E98C7-7C5C-4739-B1D3-D50FC7F20196}.Release|x86.ActiveCfg = Release|Any CPU
		{8D0E98C7-7C5C-4739-B1D3-D50FC7F20196}.Release|x86.Build.0 = Release|Any CPU
		{D5B7D475-904C-473A-B583-DC779C887384}.Debug|Any CPU.ActiveCfg = Debug|Any CPU
		{D5B7D475-904C-473A-B583-DC779C887384}.Debug|Any CPU.Build.0 = Debug|Any CPU
		{D5B7D475-904C-473A-B583-DC779C887384}.Debug|ARM.ActiveCfg = Debug|Any CPU
		{D5B7D475-904C-473A-B583-DC779C887384}.Debug|ARM.Build.0 = Debug|Any CPU
		{D5B7D475-904C-473A-B583-DC779C887384}.Debug|x64.ActiveCfg = Debug|Any CPU
		{D5B7D475-904C-473A-B583-DC779C887384}.Debug|x64.Build.0 = Debug|Any CPU
		{D5B7D475-904C-473A-B583-DC779C887384}.Debug|x86.ActiveCfg = Debug|Any CPU
		{D5B7D475-904C-473A-B583-DC779C887384}.Debug|x86.Build.0 = Debug|Any CPU
		{D5B7D475-904C-473A-B583-DC779C887384}.Release|Any CPU.ActiveCfg = Release|Any CPU
		{D5B7D475-904C-473A-B583-DC779C887384}.Release|Any CPU.Build.0 = Release|Any CPU
		{D5B7D475-904C-473A-B583-DC779C887384}.Release|ARM.ActiveCfg = Release|Any CPU
		{D5B7D475-904C-473A-B583-DC779C887384}.Release|ARM.Build.0 = Release|Any CPU
		{D5B7D475-904C-473A-B583-DC779C887384}.Release|x64.ActiveCfg = Release|Any CPU
		{D5B7D475-904C-473A-B583-DC779C887384}.Release|x64.Build.0 = Release|Any CPU
		{D5B7D475-904C-473A-B583-DC779C887384}.Release|x86.ActiveCfg = Release|Any CPU
		{D5B7D475-904C-473A-B583-DC779C887384}.Release|x86.Build.0 = Release|Any CPU
		{28D0D153-B7BF-4756-9492-EB2D7192250C}.Debug|Any CPU.ActiveCfg = Debug|Any CPU
		{28D0D153-B7BF-4756-9492-EB2D7192250C}.Debug|Any CPU.Build.0 = Debug|Any CPU
		{28D0D153-B7BF-4756-9492-EB2D7192250C}.Debug|ARM.ActiveCfg = Debug|Any CPU
		{28D0D153-B7BF-4756-9492-EB2D7192250C}.Debug|ARM.Build.0 = Debug|Any CPU
		{28D0D153-B7BF-4756-9492-EB2D7192250C}.Debug|x64.ActiveCfg = Debug|Any CPU
		{28D0D153-B7BF-4756-9492-EB2D7192250C}.Debug|x64.Build.0 = Debug|Any CPU
		{28D0D153-B7BF-4756-9492-EB2D7192250C}.Debug|x86.ActiveCfg = Debug|Any CPU
		{28D0D153-B7BF-4756-9492-EB2D7192250C}.Debug|x86.Build.0 = Debug|Any CPU
		{28D0D153-B7BF-4756-9492-EB2D7192250C}.Release|Any CPU.ActiveCfg = Release|Any CPU
		{28D0D153-B7BF-4756-9492-EB2D7192250C}.Release|Any CPU.Build.0 = Release|Any CPU
		{28D0D153-B7BF-4756-9492-EB2D7192250C}.Release|ARM.ActiveCfg = Release|Any CPU
		{28D0D153-B7BF-4756-9492-EB2D7192250C}.Release|ARM.Build.0 = Release|Any CPU
		{28D0D153-B7BF-4756-9492-EB2D7192250C}.Release|x64.ActiveCfg = Release|Any CPU
		{28D0D153-B7BF-4756-9492-EB2D7192250C}.Release|x64.Build.0 = Release|Any CPU
		{28D0D153-B7BF-4756-9492-EB2D7192250C}.Release|x86.ActiveCfg = Release|Any CPU
		{28D0D153-B7BF-4756-9492-EB2D7192250C}.Release|x86.Build.0 = Release|Any CPU
		{169C54B7-1EDB-44F0-A79D-0CC57274CE4E}.Debug|Any CPU.ActiveCfg = Debug|Any CPU
		{169C54B7-1EDB-44F0-A79D-0CC57274CE4E}.Debug|Any CPU.Build.0 = Debug|Any CPU
		{169C54B7-1EDB-44F0-A79D-0CC57274CE4E}.Debug|ARM.ActiveCfg = Debug|Any CPU
		{169C54B7-1EDB-44F0-A79D-0CC57274CE4E}.Debug|ARM.Build.0 = Debug|Any CPU
		{169C54B7-1EDB-44F0-A79D-0CC57274CE4E}.Debug|x64.ActiveCfg = Debug|Any CPU
		{169C54B7-1EDB-44F0-A79D-0CC57274CE4E}.Debug|x64.Build.0 = Debug|Any CPU
		{169C54B7-1EDB-44F0-A79D-0CC57274CE4E}.Debug|x86.ActiveCfg = Debug|Any CPU
		{169C54B7-1EDB-44F0-A79D-0CC57274CE4E}.Debug|x86.Build.0 = Debug|Any CPU
		{169C54B7-1EDB-44F0-A79D-0CC57274CE4E}.Release|Any CPU.ActiveCfg = Release|Any CPU
		{169C54B7-1EDB-44F0-A79D-0CC57274CE4E}.Release|Any CPU.Build.0 = Release|Any CPU
		{169C54B7-1EDB-44F0-A79D-0CC57274CE4E}.Release|ARM.ActiveCfg = Release|Any CPU
		{169C54B7-1EDB-44F0-A79D-0CC57274CE4E}.Release|ARM.Build.0 = Release|Any CPU
		{169C54B7-1EDB-44F0-A79D-0CC57274CE4E}.Release|x64.ActiveCfg = Release|Any CPU
		{169C54B7-1EDB-44F0-A79D-0CC57274CE4E}.Release|x64.Build.0 = Release|Any CPU
		{169C54B7-1EDB-44F0-A79D-0CC57274CE4E}.Release|x86.ActiveCfg = Release|Any CPU
		{169C54B7-1EDB-44F0-A79D-0CC57274CE4E}.Release|x86.Build.0 = Release|Any CPU
		{006EDA2A-451C-499D-940B-AEF4F896CAAC}.Debug|Any CPU.ActiveCfg = Debug|Any CPU
		{006EDA2A-451C-499D-940B-AEF4F896CAAC}.Debug|Any CPU.Build.0 = Debug|Any CPU
		{006EDA2A-451C-499D-940B-AEF4F896CAAC}.Debug|ARM.ActiveCfg = Debug|Any CPU
		{006EDA2A-451C-499D-940B-AEF4F896CAAC}.Debug|ARM.Build.0 = Debug|Any CPU
		{006EDA2A-451C-499D-940B-AEF4F896CAAC}.Debug|x64.ActiveCfg = Debug|Any CPU
		{006EDA2A-451C-499D-940B-AEF4F896CAAC}.Debug|x64.Build.0 = Debug|Any CPU
		{006EDA2A-451C-499D-940B-AEF4F896CAAC}.Debug|x86.ActiveCfg = Debug|Any CPU
		{006EDA2A-451C-499D-940B-AEF4F896CAAC}.Debug|x86.Build.0 = Debug|Any CPU
		{006EDA2A-451C-499D-940B-AEF4F896CAAC}.Release|Any CPU.ActiveCfg = Release|Any CPU
		{006EDA2A-451C-499D-940B-AEF4F896CAAC}.Release|Any CPU.Build.0 = Release|Any CPU
		{006EDA2A-451C-499D-940B-AEF4F896CAAC}.Release|ARM.ActiveCfg = Release|Any CPU
		{006EDA2A-451C-499D-940B-AEF4F896CAAC}.Release|ARM.Build.0 = Release|Any CPU
		{006EDA2A-451C-499D-940B-AEF4F896CAAC}.Release|x64.ActiveCfg = Release|Any CPU
		{006EDA2A-451C-499D-940B-AEF4F896CAAC}.Release|x64.Build.0 = Release|Any CPU
		{006EDA2A-451C-499D-940B-AEF4F896CAAC}.Release|x86.ActiveCfg = Release|Any CPU
		{006EDA2A-451C-499D-940B-AEF4F896CAAC}.Release|x86.Build.0 = Release|Any CPU
		{521DD136-C224-49C0-9283-6E17591D59F1}.Debug|Any CPU.ActiveCfg = Debug|Any CPU
		{521DD136-C224-49C0-9283-6E17591D59F1}.Debug|Any CPU.Build.0 = Debug|Any CPU
		{521DD136-C224-49C0-9283-6E17591D59F1}.Debug|ARM.ActiveCfg = Debug|Any CPU
		{521DD136-C224-49C0-9283-6E17591D59F1}.Debug|ARM.Build.0 = Debug|Any CPU
		{521DD136-C224-49C0-9283-6E17591D59F1}.Debug|x64.ActiveCfg = Debug|Any CPU
		{521DD136-C224-49C0-9283-6E17591D59F1}.Debug|x64.Build.0 = Debug|Any CPU
		{521DD136-C224-49C0-9283-6E17591D59F1}.Debug|x86.ActiveCfg = Debug|Any CPU
		{521DD136-C224-49C0-9283-6E17591D59F1}.Debug|x86.Build.0 = Debug|Any CPU
		{521DD136-C224-49C0-9283-6E17591D59F1}.Release|Any CPU.ActiveCfg = Release|Any CPU
		{521DD136-C224-49C0-9283-6E17591D59F1}.Release|Any CPU.Build.0 = Release|Any CPU
		{521DD136-C224-49C0-9283-6E17591D59F1}.Release|ARM.ActiveCfg = Release|Any CPU
		{521DD136-C224-49C0-9283-6E17591D59F1}.Release|ARM.Build.0 = Release|Any CPU
		{521DD136-C224-49C0-9283-6E17591D59F1}.Release|x64.ActiveCfg = Release|Any CPU
		{521DD136-C224-49C0-9283-6E17591D59F1}.Release|x64.Build.0 = Release|Any CPU
		{521DD136-C224-49C0-9283-6E17591D59F1}.Release|x86.ActiveCfg = Release|Any CPU
		{521DD136-C224-49C0-9283-6E17591D59F1}.Release|x86.Build.0 = Release|Any CPU
		{F00510A4-4ED0-4A0E-90D0-07CBF448B464}.Debug|Any CPU.ActiveCfg = Debug|Any CPU
		{F00510A4-4ED0-4A0E-90D0-07CBF448B464}.Debug|Any CPU.Build.0 = Debug|Any CPU
		{F00510A4-4ED0-4A0E-90D0-07CBF448B464}.Debug|ARM.ActiveCfg = Debug|Any CPU
		{F00510A4-4ED0-4A0E-90D0-07CBF448B464}.Debug|ARM.Build.0 = Debug|Any CPU
		{F00510A4-4ED0-4A0E-90D0-07CBF448B464}.Debug|x64.ActiveCfg = Debug|Any CPU
		{F00510A4-4ED0-4A0E-90D0-07CBF448B464}.Debug|x64.Build.0 = Debug|Any CPU
		{F00510A4-4ED0-4A0E-90D0-07CBF448B464}.Debug|x86.ActiveCfg = Debug|Any CPU
		{F00510A4-4ED0-4A0E-90D0-07CBF448B464}.Debug|x86.Build.0 = Debug|Any CPU
		{F00510A4-4ED0-4A0E-90D0-07CBF448B464}.Release|Any CPU.ActiveCfg = Release|Any CPU
		{F00510A4-4ED0-4A0E-90D0-07CBF448B464}.Release|Any CPU.Build.0 = Release|Any CPU
		{F00510A4-4ED0-4A0E-90D0-07CBF448B464}.Release|ARM.ActiveCfg = Release|Any CPU
		{F00510A4-4ED0-4A0E-90D0-07CBF448B464}.Release|ARM.Build.0 = Release|Any CPU
		{F00510A4-4ED0-4A0E-90D0-07CBF448B464}.Release|x64.ActiveCfg = Release|Any CPU
		{F00510A4-4ED0-4A0E-90D0-07CBF448B464}.Release|x64.Build.0 = Release|Any CPU
		{F00510A4-4ED0-4A0E-90D0-07CBF448B464}.Release|x86.ActiveCfg = Release|Any CPU
		{F00510A4-4ED0-4A0E-90D0-07CBF448B464}.Release|x86.Build.0 = Release|Any CPU
		{7D67C179-B06E-4650-A0F7-7BB1494EFF17}.Debug|Any CPU.ActiveCfg = Debug|Any CPU
		{7D67C179-B06E-4650-A0F7-7BB1494EFF17}.Debug|Any CPU.Build.0 = Debug|Any CPU
		{7D67C179-B06E-4650-A0F7-7BB1494EFF17}.Debug|ARM.ActiveCfg = Debug|Any CPU
		{7D67C179-B06E-4650-A0F7-7BB1494EFF17}.Debug|ARM.Build.0 = Debug|Any CPU
		{7D67C179-B06E-4650-A0F7-7BB1494EFF17}.Debug|x64.ActiveCfg = Debug|Any CPU
		{7D67C179-B06E-4650-A0F7-7BB1494EFF17}.Debug|x64.Build.0 = Debug|Any CPU
		{7D67C179-B06E-4650-A0F7-7BB1494EFF17}.Debug|x86.ActiveCfg = Debug|Any CPU
		{7D67C179-B06E-4650-A0F7-7BB1494EFF17}.Debug|x86.Build.0 = Debug|Any CPU
		{7D67C179-B06E-4650-A0F7-7BB1494EFF17}.Release|Any CPU.ActiveCfg = Release|Any CPU
		{7D67C179-B06E-4650-A0F7-7BB1494EFF17}.Release|Any CPU.Build.0 = Release|Any CPU
		{7D67C179-B06E-4650-A0F7-7BB1494EFF17}.Release|ARM.ActiveCfg = Release|Any CPU
		{7D67C179-B06E-4650-A0F7-7BB1494EFF17}.Release|ARM.Build.0 = Release|Any CPU
		{7D67C179-B06E-4650-A0F7-7BB1494EFF17}.Release|x64.ActiveCfg = Release|Any CPU
		{7D67C179-B06E-4650-A0F7-7BB1494EFF17}.Release|x64.Build.0 = Release|Any CPU
		{7D67C179-B06E-4650-A0F7-7BB1494EFF17}.Release|x86.ActiveCfg = Release|Any CPU
		{7D67C179-B06E-4650-A0F7-7BB1494EFF17}.Release|x86.Build.0 = Release|Any CPU
		{08EAF34C-6562-45CC-8604-56D621C03FC1}.Debug|Any CPU.ActiveCfg = Debug|Any CPU
		{08EAF34C-6562-45CC-8604-56D621C03FC1}.Debug|Any CPU.Build.0 = Debug|Any CPU
		{08EAF34C-6562-45CC-8604-56D621C03FC1}.Debug|ARM.ActiveCfg = Debug|Any CPU
		{08EAF34C-6562-45CC-8604-56D621C03FC1}.Debug|ARM.Build.0 = Debug|Any CPU
		{08EAF34C-6562-45CC-8604-56D621C03FC1}.Debug|x64.ActiveCfg = Debug|Any CPU
		{08EAF34C-6562-45CC-8604-56D621C03FC1}.Debug|x64.Build.0 = Debug|Any CPU
		{08EAF34C-6562-45CC-8604-56D621C03FC1}.Debug|x86.ActiveCfg = Debug|Any CPU
		{08EAF34C-6562-45CC-8604-56D621C03FC1}.Debug|x86.Build.0 = Debug|Any CPU
		{08EAF34C-6562-45CC-8604-56D621C03FC1}.Release|Any CPU.ActiveCfg = Release|Any CPU
		{08EAF34C-6562-45CC-8604-56D621C03FC1}.Release|Any CPU.Build.0 = Release|Any CPU
		{08EAF34C-6562-45CC-8604-56D621C03FC1}.Release|ARM.ActiveCfg = Release|Any CPU
		{08EAF34C-6562-45CC-8604-56D621C03FC1}.Release|ARM.Build.0 = Release|Any CPU
		{08EAF34C-6562-45CC-8604-56D621C03FC1}.Release|x64.ActiveCfg = Release|Any CPU
		{08EAF34C-6562-45CC-8604-56D621C03FC1}.Release|x64.Build.0 = Release|Any CPU
		{08EAF34C-6562-45CC-8604-56D621C03FC1}.Release|x86.ActiveCfg = Release|Any CPU
		{08EAF34C-6562-45CC-8604-56D621C03FC1}.Release|x86.Build.0 = Release|Any CPU
	EndGlobalSection
	GlobalSection(SolutionProperties) = preSolution
		HideSolutionNode = FALSE
	EndGlobalSection
	GlobalSection(NestedProjects) = preSolution
		{A97517F9-E9A6-42FB-B4C3-76A948C249DC} = {6DEF07AC-F446-4135-81F1-BAFEABCAF19E}
		{4795D1C7-8D12-43C1-8893-5842B10C7B6F} = {5B3E9AC3-06E0-4E37-B653-5D300FE4BBF0}
		{716AB805-CD17-433E-8E36-C3F00CF6B736} = {32F60520-AFC9-4532-AA3F-C29D7B8D4834}
		{B0D8BC98-754B-4015-AE40-0EFDA781CC1A} = {32F60520-AFC9-4532-AA3F-C29D7B8D4834}
		{0B10D739-8536-4EE3-B95C-A585B215861B} = {FC2C44DC-5942-4875-B765-74E6E33A47B4}
		{21ECC0C5-7443-42FB-8011-03C3B9872633} = {8E8830B1-0C13-4DEC-8417-050999D068A6}
		{3F3E953D-B019-40B5-A559-8B6E10C4CE4D} = {8E8830B1-0C13-4DEC-8417-050999D068A6}
		{B3C4A397-5321-4A5D-8765-4EA23208BB91} = {8E8830B1-0C13-4DEC-8417-050999D068A6}
		{B95163C9-44E6-460E-8620-59CEC6BB84BF} = {8E8830B1-0C13-4DEC-8417-050999D068A6}
		{74B88924-77E4-47DD-A0C1-8E0D01AAE7B8} = {BB0F49D3-2A5A-4CA7-8F80-30B3B726260D}
		{4220BE38-7705-4186-A9BF-9B9841D6AEBD} = {BB0F49D3-2A5A-4CA7-8F80-30B3B726260D}
		{0F416C83-AF12-4020-9F0E-31744670D7F9} = {3F74CB85-78C9-498D-9180-F68B3D3762F2}
		{CDC31D50-C283-4299-BDFD-94DDF31C5C70} = {BB0F49D3-2A5A-4CA7-8F80-30B3B726260D}
		{8D0E98C7-7C5C-4739-B1D3-D50FC7F20196} = {BB0F49D3-2A5A-4CA7-8F80-30B3B726260D}
		{D5B7D475-904C-473A-B583-DC779C887384} = {BB0F49D3-2A5A-4CA7-8F80-30B3B726260D}
		{28D0D153-B7BF-4756-9492-EB2D7192250C} = {89D4D78D-8398-416D-814F-FA45DF8F950E}
		{169C54B7-1EDB-44F0-A79D-0CC57274CE4E} = {959018A4-E67B-4C63-99FB-9E233601568B}
		{006EDA2A-451C-499D-940B-AEF4F896CAAC} = {A15CE4C3-C158-4D32-A054-8DB2438032B9}
		{521DD136-C224-49C0-9283-6E17591D59F1} = {A15CE4C3-C158-4D32-A054-8DB2438032B9}
		{F00510A4-4ED0-4A0E-90D0-07CBF448B464} = {11319EA8-4FDF-4E57-8FD5-9B8DE2E5A292}
		{7D67C179-B06E-4650-A0F7-7BB1494EFF17} = {11319EA8-4FDF-4E57-8FD5-9B8DE2E5A292}
		{08EAF34C-6562-45CC-8604-56D621C03FC1} = {06681683-B2DB-4ACA-8392-3D28CE8355FE}
	EndGlobalSection
	GlobalSection(ExtensibilityGlobals) = postSolution
		SolutionGuid = {7B0056C9-0ECA-4308-A760-0FBBAD41C6A8}
	EndGlobalSection
EndGlobal
