
Microsoft Visual Studio Solution File, Format Version 12.00
# Visual Studio Version 17
VisualStudioVersion = 17.8.34511.84
MinimumVisualStudioVersion = 10.0.40219.1
Project("{9A19103F-16F7-4668-BE54-9A1E7A4F7556}") = "HolaMundo", "HolaMundo\HolaMundo.csproj", "{4C555F7B-A83E-4836-BB90-B5C0034E16B1}"
EndProject
Project("{2150E333-8FDC-42A3-9474-1A3956D46DE8}") = "Utilidades", "Utilidades", "{6DEF07AC-F446-4135-81F1-BAFEABCAF19E}"
EndProject
Project("{9A19103F-16F7-4668-BE54-9A1E7A4F7556}") = "Utilidades", "Utilidades\Utilidades.csproj", "{A97517F9-E9A6-42FB-B4C3-76A948C249DC}"
EndProject
Project("{9A19103F-16F7-4668-BE54-9A1E7A4F7556}") = "ConversorTemperaturas", "ConversorTemperaturas\ConversorTemperaturas.csproj", "{4795D1C7-8D12-43C1-8893-5842B10C7B6F}"
EndProject
Project("{9A19103F-16F7-4668-BE54-9A1E7A4F7556}") = "Clases", "Clases\Clases.csproj", "{716AB805-CD17-433E-8E36-C3F00CF6B736}"
EndProject
Project("{9A19103F-16F7-4668-BE54-9A1E7A4F7556}") = "Amazon", "Amazon\Amazon.csproj", "{B0D8BC98-754B-4015-AE40-0EFDA781CC1A}"
EndProject
Project("{2150E333-8FDC-42A3-9474-1A3956D46DE8}") = "OOP", "OOP", "{32F60520-AFC9-4532-AA3F-C29D7B8D4834}"
EndProject
Project("{2150E333-8FDC-42A3-9474-1A3956D46DE8}") = "Herencia", "Herencia", "{FC2C44DC-5942-4875-B765-74E6E33A47B4}"
EndProject
Project("{9A19103F-16F7-4668-BE54-9A1E7A4F7556}") = "ACME", "ACME\ACME.csproj", "{0B10D739-8536-4EE3-B95C-A585B215861B}"
EndProject
Project("{2150E333-8FDC-42A3-9474-1A3956D46DE8}") = "CondicionalesBucles", "CondicionalesBucles", "{8E8830B1-0C13-4DEC-8417-050999D068A6}"
EndProject
Project("{9A19103F-16F7-4668-BE54-9A1E7A4F7556}") = "Condicionales", "Condicionales\Condicionales.csproj", "{21ECC0C5-7443-42FB-8011-03C3B9872633}"
EndProject
Project("{9A19103F-16F7-4668-BE54-9A1E7A4F7556}") = "BucleFor", "BucleFor\BucleFor.csproj", "{3F3E953D-B019-40B5-A559-8B6E10C4CE4D}"
EndProject
Project("{9A19103F-16F7-4668-BE54-9A1E7A4F7556}") = "BucleWhile", "BucleWhile\BucleWhile.csproj", "{B3C4A397-5321-4A5D-8765-4EA23208BB91}"
EndProject
Project("{9A19103F-16F7-4668-BE54-9A1E7A4F7556}") = "Switch", "Switch\Switch.csproj", "{B95163C9-44E6-460E-8620-59CEC6BB84BF}"
EndProject
Project("{9A19103F-16F7-4668-BE54-9A1E7A4F7556}") = "Enums", "Enums\Enums.csproj", "{74B88924-77E4-47DD-A0C1-8E0D01AAE7B8}"
EndProject
Project("{9A19103F-16F7-4668-BE54-9A1E7A4F7556}") = "ClasificacionDePeliculas", "ClasificacionDePeliculas\ClasificacionDePeliculas.csproj", "{4220BE38-7705-4186-A9BF-9B9841D6AEBD}"
EndProject
Project("{2150E333-8FDC-42A3-9474-1A3956D46DE8}") = "Excepciones", "Excepciones", "{3F74CB85-78C9-498D-9180-F68B3D3762F2}"
EndProject
Project("{9A19103F-16F7-4668-BE54-9A1E7A4F7556}") = "Excepcion", "Excepcion\Excepcion.csproj", "{0F416C83-AF12-4020-9F0E-31744670D7F9}"
EndProject
Project("{2150E333-8FDC-42A3-9474-1A3956D46DE8}") = "ConversorMonedas", "ConversorMonedas", "{06681683-B2DB-4ACA-8392-3D28CE8355FE}"
EndProject
Project("{2150E333-8FDC-42A3-9474-1A3956D46DE8}") = "Colecciones", "Colecciones", "{BB0F49D3-2A5A-4CA7-8F80-30B3B726260D}"
EndProject
Project("{9A19103F-16F7-4668-BE54-9A1E7A4F7556}") = "ConversorMonedas", "ProyectoConversor\ConversorMonedas.csproj", "{1D186461-EFA6-431B-9E35-5EEDD78BD070}"
EndProject
Project("{9A19103F-16F7-4668-BE54-9A1E7A4F7556}") = "Arrays", "Colecciones\Arrays.csproj", "{CDC31D50-C283-4299-BDFD-94DDF31C5C70}"
EndProject
Project("{9A19103F-16F7-4668-BE54-9A1E7A4F7556}") = "Listas", "Listas\Listas.csproj", "{8D0E98C7-7C5C-4739-B1D3-D50FC7F20196}"
EndProject
Project("{9A19103F-16F7-4668-BE54-9A1E7A4F7556}") = "Diccionarios", "Diccionarios\Diccionarios.csproj", "{D5B7D475-904C-473A-B583-DC779C887384}"
EndProject
Project("{2150E333-8FDC-42A3-9474-1A3956D46DE8}") = "Proyecto", "Proyecto", "{DAAB0704-9B68-4C54-920F-C82CBBACEFF8}"
EndProject
Project("{9A19103F-16F7-4668-BE54-9A1E7A4F7556}") = "Proyecto", "Proyecto\Proyecto.csproj", "{4FB1511F-9C9C-4C23-BB00-8F1002AE4D72}"
EndProject
Project("{2150E333-8FDC-42A3-9474-1A3956D46DE8}") = "Interfaces", "Interfaces", "{89D4D78D-8398-416D-814F-FA45DF8F950E}"
EndProject
Project("{9A19103F-16F7-4668-BE54-9A1E7A4F7556}") = "Interfaces", "Interfaces\Interfaces.csproj", "{28D0D153-B7BF-4756-9492-EB2D7192250C}"
EndProject
Project("{2150E333-8FDC-42A3-9474-1A3956D46DE8}") = "Pagos", "Pagos", "{959018A4-E67B-4C63-99FB-9E233601568B}"
EndProject
Project("{FAE04EC0-301F-11D3-BF4B-00C04F79EFBC}") = "Pagos", "Pagos\Pagos.csproj", "{169C54B7-1EDB-44F0-A79D-0CC57274CE4E}"
EndProject
Global
	GlobalSection(SolutionConfigurationPlatforms) = preSolution
		Debug|Any CPU = Debug|Any CPU
		Release|Any CPU = Release|Any CPU
	EndGlobalSection
	GlobalSection(ProjectConfigurationPlatforms) = postSolution
		{4C555F7B-A83E-4836-BB90-B5C0034E16B1}.Debug|Any CPU.ActiveCfg = Debug|Any CPU
		{4C555F7B-A83E-4836-BB90-B5C0034E16B1}.Debug|Any CPU.Build.0 = Debug|Any CPU
		{4C555F7B-A83E-4836-BB90-B5C0034E16B1}.Release|Any CPU.ActiveCfg = Release|Any CPU
		{4C555F7B-A83E-4836-BB90-B5C0034E16B1}.Release|Any CPU.Build.0 = Release|Any CPU
		{A97517F9-E9A6-42FB-B4C3-76A948C249DC}.Debug|Any CPU.ActiveCfg = Debug|Any CPU
		{A97517F9-E9A6-42FB-B4C3-76A948C249DC}.Debug|Any CPU.Build.0 = Debug|Any CPU
		{A97517F9-E9A6-42FB-B4C3-76A948C249DC}.Release|Any CPU.ActiveCfg = Release|Any CPU
		{A97517F9-E9A6-42FB-B4C3-76A948C249DC}.Release|Any CPU.Build.0 = Release|Any CPU
		{4795D1C7-8D12-43C1-8893-5842B10C7B6F}.Debug|Any CPU.ActiveCfg = Debug|Any CPU
		{4795D1C7-8D12-43C1-8893-5842B10C7B6F}.Debug|Any CPU.Build.0 = Debug|Any CPU
		{4795D1C7-8D12-43C1-8893-5842B10C7B6F}.Release|Any CPU.ActiveCfg = Release|Any CPU
		{4795D1C7-8D12-43C1-8893-5842B10C7B6F}.Release|Any CPU.Build.0 = Release|Any CPU
		{716AB805-CD17-433E-8E36-C3F00CF6B736}.Debug|Any CPU.ActiveCfg = Debug|Any CPU
		{716AB805-CD17-433E-8E36-C3F00CF6B736}.Debug|Any CPU.Build.0 = Debug|Any CPU
		{716AB805-CD17-433E-8E36-C3F00CF6B736}.Release|Any CPU.ActiveCfg = Release|Any CPU
		{716AB805-CD17-433E-8E36-C3F00CF6B736}.Release|Any CPU.Build.0 = Release|Any CPU
		{B0D8BC98-754B-4015-AE40-0EFDA781CC1A}.Debug|Any CPU.ActiveCfg = Debug|Any CPU
		{B0D8BC98-754B-4015-AE40-0EFDA781CC1A}.Debug|Any CPU.Build.0 = Debug|Any CPU
		{B0D8BC98-754B-4015-AE40-0EFDA781CC1A}.Release|Any CPU.ActiveCfg = Release|Any CPU
		{B0D8BC98-754B-4015-AE40-0EFDA781CC1A}.Release|Any CPU.Build.0 = Release|Any CPU
		{0B10D739-8536-4EE3-B95C-A585B215861B}.Debug|Any CPU.ActiveCfg = Debug|Any CPU
		{0B10D739-8536-4EE3-B95C-A585B215861B}.Debug|Any CPU.Build.0 = Debug|Any CPU
		{0B10D739-8536-4EE3-B95C-A585B215861B}.Release|Any CPU.ActiveCfg = Release|Any CPU
		{0B10D739-8536-4EE3-B95C-A585B215861B}.Release|Any CPU.Build.0 = Release|Any CPU
		{21ECC0C5-7443-42FB-8011-03C3B9872633}.Debug|Any CPU.ActiveCfg = Debug|Any CPU
		{21ECC0C5-7443-42FB-8011-03C3B9872633}.Debug|Any CPU.Build.0 = Debug|Any CPU
		{21ECC0C5-7443-42FB-8011-03C3B9872633}.Release|Any CPU.ActiveCfg = Release|Any CPU
		{21ECC0C5-7443-42FB-8011-03C3B9872633}.Release|Any CPU.Build.0 = Release|Any CPU
		{3F3E953D-B019-40B5-A559-8B6E10C4CE4D}.Debug|Any CPU.ActiveCfg = Debug|Any CPU
		{3F3E953D-B019-40B5-A559-8B6E10C4CE4D}.Debug|Any CPU.Build.0 = Debug|Any CPU
		{3F3E953D-B019-40B5-A559-8B6E10C4CE4D}.Release|Any CPU.ActiveCfg = Release|Any CPU
		{3F3E953D-B019-40B5-A559-8B6E10C4CE4D}.Release|Any CPU.Build.0 = Release|Any CPU
		{B3C4A397-5321-4A5D-8765-4EA23208BB91}.Debug|Any CPU.ActiveCfg = Debug|Any CPU
		{B3C4A397-5321-4A5D-8765-4EA23208BB91}.Debug|Any CPU.Build.0 = Debug|Any CPU
		{B3C4A397-5321-4A5D-8765-4EA23208BB91}.Release|Any CPU.ActiveCfg = Release|Any CPU
		{B3C4A397-5321-4A5D-8765-4EA23208BB91}.Release|Any CPU.Build.0 = Release|Any CPU
		{B95163C9-44E6-460E-8620-59CEC6BB84BF}.Debug|Any CPU.ActiveCfg = Debug|Any CPU
		{B95163C9-44E6-460E-8620-59CEC6BB84BF}.Debug|Any CPU.Build.0 = Debug|Any CPU
		{B95163C9-44E6-460E-8620-59CEC6BB84BF}.Release|Any CPU.ActiveCfg = Release|Any CPU
		{B95163C9-44E6-460E-8620-59CEC6BB84BF}.Release|Any CPU.Build.0 = Release|Any CPU
		{74B88924-77E4-47DD-A0C1-8E0D01AAE7B8}.Debug|Any CPU.ActiveCfg = Debug|Any CPU
		{74B88924-77E4-47DD-A0C1-8E0D01AAE7B8}.Debug|Any CPU.Build.0 = Debug|Any CPU
		{74B88924-77E4-47DD-A0C1-8E0D01AAE7B8}.Release|Any CPU.ActiveCfg = Release|Any CPU
		{74B88924-77E4-47DD-A0C1-8E0D01AAE7B8}.Release|Any CPU.Build.0 = Release|Any CPU
		{4220BE38-7705-4186-A9BF-9B9841D6AEBD}.Debug|Any CPU.ActiveCfg = Debug|Any CPU
		{4220BE38-7705-4186-A9BF-9B9841D6AEBD}.Debug|Any CPU.Build.0 = Debug|Any CPU
		{4220BE38-7705-4186-A9BF-9B9841D6AEBD}.Release|Any CPU.ActiveCfg = Release|Any CPU
		{4220BE38-7705-4186-A9BF-9B9841D6AEBD}.Release|Any CPU.Build.0 = Release|Any CPU
		{0F416C83-AF12-4020-9F0E-31744670D7F9}.Debug|Any CPU.ActiveCfg = Debug|Any CPU
		{0F416C83-AF12-4020-9F0E-31744670D7F9}.Debug|Any CPU.Build.0 = Debug|Any CPU
		{0F416C83-AF12-4020-9F0E-31744670D7F9}.Release|Any CPU.ActiveCfg = Release|Any CPU
		{0F416C83-AF12-4020-9F0E-31744670D7F9}.Release|Any CPU.Build.0 = Release|Any CPU
		{1D186461-EFA6-431B-9E35-5EEDD78BD070}.Debug|Any CPU.ActiveCfg = Debug|Any CPU
		{1D186461-EFA6-431B-9E35-5EEDD78BD070}.Debug|Any CPU.Build.0 = Debug|Any CPU
		{1D186461-EFA6-431B-9E35-5EEDD78BD070}.Release|Any CPU.ActiveCfg = Release|Any CPU
		{1D186461-EFA6-431B-9E35-5EEDD78BD070}.Release|Any CPU.Build.0 = Release|Any CPU
		{CDC31D50-C283-4299-BDFD-94DDF31C5C70}.Debug|Any CPU.ActiveCfg = Debug|Any CPU
		{CDC31D50-C283-4299-BDFD-94DDF31C5C70}.Debug|Any CPU.Build.0 = Debug|Any CPU
		{CDC31D50-C283-4299-BDFD-94DDF31C5C70}.Release|Any CPU.ActiveCfg = Release|Any CPU
		{CDC31D50-C283-4299-BDFD-94DDF31C5C70}.Release|Any CPU.Build.0 = Release|Any CPU
		{8D0E98C7-7C5C-4739-B1D3-D50FC7F20196}.Debug|Any CPU.ActiveCfg = Debug|Any CPU
		{8D0E98C7-7C5C-4739-B1D3-D50FC7F20196}.Debug|Any CPU.Build.0 = Debug|Any CPU
		{8D0E98C7-7C5C-4739-B1D3-D50FC7F20196}.Release|Any CPU.ActiveCfg = Release|Any CPU
		{8D0E98C7-7C5C-4739-B1D3-D50FC7F20196}.Release|Any CPU.Build.0 = Release|Any CPU
		{D5B7D475-904C-473A-B583-DC779C887384}.Debug|Any CPU.ActiveCfg = Debug|Any CPU
		{D5B7D475-904C-473A-B583-DC779C887384}.Debug|Any CPU.Build.0 = Debug|Any CPU
		{D5B7D475-904C-473A-B583-DC779C887384}.Release|Any CPU.ActiveCfg = Release|Any CPU
		{D5B7D475-904C-473A-B583-DC779C887384}.Release|Any CPU.Build.0 = Release|Any CPU
		{4FB1511F-9C9C-4C23-BB00-8F1002AE4D72}.Debug|Any CPU.ActiveCfg = Debug|Any CPU
		{4FB1511F-9C9C-4C23-BB00-8F1002AE4D72}.Debug|Any CPU.Build.0 = Debug|Any CPU
		{4FB1511F-9C9C-4C23-BB00-8F1002AE4D72}.Release|Any CPU.ActiveCfg = Release|Any CPU
		{4FB1511F-9C9C-4C23-BB00-8F1002AE4D72}.Release|Any CPU.Build.0 = Release|Any CPU
		{28D0D153-B7BF-4756-9492-EB2D7192250C}.Debug|Any CPU.ActiveCfg = Debug|Any CPU
		{28D0D153-B7BF-4756-9492-EB2D7192250C}.Debug|Any CPU.Build.0 = Debug|Any CPU
		{28D0D153-B7BF-4756-9492-EB2D7192250C}.Release|Any CPU.ActiveCfg = Release|Any CPU
		{28D0D153-B7BF-4756-9492-EB2D7192250C}.Release|Any CPU.Build.0 = Release|Any CPU
		{169C54B7-1EDB-44F0-A79D-0CC57274CE4E}.Debug|Any CPU.ActiveCfg = Debug|Any CPU
		{169C54B7-1EDB-44F0-A79D-0CC57274CE4E}.Debug|Any CPU.Build.0 = Debug|Any CPU
		{169C54B7-1EDB-44F0-A79D-0CC57274CE4E}.Release|Any CPU.ActiveCfg = Release|Any CPU
		{169C54B7-1EDB-44F0-A79D-0CC57274CE4E}.Release|Any CPU.Build.0 = Release|Any CPU
	EndGlobalSection
	GlobalSection(SolutionProperties) = preSolution
		HideSolutionNode = FALSE
	EndGlobalSection
	GlobalSection(NestedProjects) = preSolution
		{A97517F9-E9A6-42FB-B4C3-76A948C249DC} = {6DEF07AC-F446-4135-81F1-BAFEABCAF19E}
		{716AB805-CD17-433E-8E36-C3F00CF6B736} = {32F60520-AFC9-4532-AA3F-C29D7B8D4834}
		{B0D8BC98-754B-4015-AE40-0EFDA781CC1A} = {32F60520-AFC9-4532-AA3F-C29D7B8D4834}
		{0B10D739-8536-4EE3-B95C-A585B215861B} = {FC2C44DC-5942-4875-B765-74E6E33A47B4}
		{21ECC0C5-7443-42FB-8011-03C3B9872633} = {8E8830B1-0C13-4DEC-8417-050999D068A6}
		{3F3E953D-B019-40B5-A559-8B6E10C4CE4D} = {8E8830B1-0C13-4DEC-8417-050999D068A6}
		{B3C4A397-5321-4A5D-8765-4EA23208BB91} = {8E8830B1-0C13-4DEC-8417-050999D068A6}
		{B95163C9-44E6-460E-8620-59CEC6BB84BF} = {8E8830B1-0C13-4DEC-8417-050999D068A6}
		{0F416C83-AF12-4020-9F0E-31744670D7F9} = {3F74CB85-78C9-498D-9180-F68B3D3762F2}
		{1D186461-EFA6-431B-9E35-5EEDD78BD070} = {06681683-B2DB-4ACA-8392-3D28CE8355FE}
		{CDC31D50-C283-4299-BDFD-94DDF31C5C70} = {BB0F49D3-2A5A-4CA7-8F80-30B3B726260D}
		{8D0E98C7-7C5C-4739-B1D3-D50FC7F20196} = {BB0F49D3-2A5A-4CA7-8F80-30B3B726260D}
		{D5B7D475-904C-473A-B583-DC779C887384} = {BB0F49D3-2A5A-4CA7-8F80-30B3B726260D}
		{4FB1511F-9C9C-4C23-BB00-8F1002AE4D72} = {DAAB0704-9B68-4C54-920F-C82CBBACEFF8}
		{28D0D153-B7BF-4756-9492-EB2D7192250C} = {89D4D78D-8398-416D-814F-FA45DF8F950E}
		{169C54B7-1EDB-44F0-A79D-0CC57274CE4E} = {959018A4-E67B-4C63-99FB-9E233601568B}
	EndGlobalSection
	GlobalSection(ExtensibilityGlobals) = postSolution
		SolutionGuid = {7B0056C9-0ECA-4308-A760-0FBBAD41C6A8}
	EndGlobalSection
EndGlobal
