
Microsoft Visual Studio Solution File, Format Version 12.00
# Visual Studio Version 17
VisualStudioVersion = 17.9.34607.119
MinimumVisualStudioVersion = 10.0.40219.1
Project("{9A19103F-16F7-4668-BE54-9A1E7A4F7556}") = "GestorBiblioteca", "D:\DOTNET-Tajamar\XAML\Biblioteca\GestorBiblioteca.csproj", "{DFBC1194-A773-4F40-9B0D-0616221C29EA}"
EndProject
Project("{9A19103F-16F7-4668-BE54-9A1E7A4F7556}") = "GestorBibliotecaEscritorio", "D:\DOTNET-Tajamar\XAML\GestorBibliotecaEscritorio\GestorBibliotecaEscritorio.csproj", "{774C4CCD-E70E-43B0-8027-9BF4CC3A7416}"
EndProject
Project("{9A19103F-16F7-4668-BE54-9A1E7A4F7556}") = "LibreriaGestionBiblioteca", "D:\DOTNET-Tajamar\XAML\LibreriaGestionBiblioteca\LibreriaGestionBiblioteca.csproj", "{3AF09D2B-69ED-4833-A365-C8C225E4354A}"
EndProject
Project("{FAE04EC0-301F-11D3-BF4B-00C04F79EFBC}") = "WiredBrainCoffee.CustomersApp", "D:\DOTNET-Tajamar\XAML\WiredBrainCoffee\WiredBrainCoffee.CustomersApp.csproj", "{FD7B1696-A1C7-4A59-B777-6B145843D169}"
EndProject
Project("{2150E333-8FDC-42A3-9474-1A3956D46DE8}") = "GestorDeBibliotecas", "GestorDeBibliotecas", "{A00BFB93-31F8-4059-95EE-BA03B9D03DE0}"
EndProject
Project("{2150E333-8FDC-42A3-9474-1A3956D46DE8}") = "EjemploCafeteria", "EjemploCafeteria", "{4F737F49-2CCE-4EF3-A4AD-F19D1A1EF14D}"
EndProject
Project("{2150E333-8FDC-42A3-9474-1A3956D46DE8}") = "ConversorMonedasMAUI", "ConversorMonedasMAUI", "{37A56A67-DF79-429F-A9B7-6D9E7227DCAA}"
EndProject
Project("{FAE04EC0-301F-11D3-BF4B-00C04F79EFBC}") = "ConversorDeMonedasMAUI", "ConversorDeMonedasMAUI\ConversorDeMonedasMAUI.csproj", "{478B8F6B-3610-41EC-B339-73FC57A5984C}"
EndProject
Global
	GlobalSection(SolutionConfigurationPlatforms) = preSolution
		Debug|Any CPU = Debug|Any CPU
		Debug|ARM = Debug|ARM
		Debug|x64 = Debug|x64
		Debug|x86 = Debug|x86
		Release|Any CPU = Release|Any CPU
		Release|ARM = Release|ARM
		Release|x64 = Release|x64
		Release|x86 = Release|x86
	EndGlobalSection
	GlobalSection(ProjectConfigurationPlatforms) = postSolution
		{DFBC1194-A773-4F40-9B0D-0616221C29EA}.Debug|Any CPU.ActiveCfg = Debug|Any CPU
		{DFBC1194-A773-4F40-9B0D-0616221C29EA}.Debug|Any CPU.Build.0 = Debug|Any CPU
		{DFBC1194-A773-4F40-9B0D-0616221C29EA}.Debug|ARM.ActiveCfg = Debug|Any CPU
		{DFBC1194-A773-4F40-9B0D-0616221C29EA}.Debug|ARM.Build.0 = Debug|Any CPU
		{DFBC1194-A773-4F40-9B0D-0616221C29EA}.Debug|x64.ActiveCfg = Debug|Any CPU
		{DFBC1194-A773-4F40-9B0D-0616221C29EA}.Debug|x64.Build.0 = Debug|Any CPU
		{DFBC1194-A773-4F40-9B0D-0616221C29EA}.Debug|x86.ActiveCfg = Debug|Any CPU
		{DFBC1194-A773-4F40-9B0D-0616221C29EA}.Debug|x86.Build.0 = Debug|Any CPU
		{DFBC1194-A773-4F40-9B0D-0616221C29EA}.Release|Any CPU.ActiveCfg = Release|Any CPU
		{DFBC1194-A773-4F40-9B0D-0616221C29EA}.Release|Any CPU.Build.0 = Release|Any CPU
		{DFBC1194-A773-4F40-9B0D-0616221C29EA}.Release|ARM.ActiveCfg = Release|Any CPU
		{DFBC1194-A773-4F40-9B0D-0616221C29EA}.Release|ARM.Build.0 = Release|Any CPU
		{DFBC1194-A773-4F40-9B0D-0616221C29EA}.Release|x64.ActiveCfg = Release|Any CPU
		{DFBC1194-A773-4F40-9B0D-0616221C29EA}.Release|x64.Build.0 = Release|Any CPU
		{DFBC1194-A773-4F40-9B0D-0616221C29EA}.Release|x86.ActiveCfg = Release|Any CPU
		{DFBC1194-A773-4F40-9B0D-0616221C29EA}.Release|x86.Build.0 = Release|Any CPU
		{774C4CCD-E70E-43B0-8027-9BF4CC3A7416}.Debug|Any CPU.ActiveCfg = Debug|Any CPU
		{774C4CCD-E70E-43B0-8027-9BF4CC3A7416}.Debug|Any CPU.Build.0 = Debug|Any CPU
		{774C4CCD-E70E-43B0-8027-9BF4CC3A7416}.Debug|ARM.ActiveCfg = Debug|Any CPU
		{774C4CCD-E70E-43B0-8027-9BF4CC3A7416}.Debug|ARM.Build.0 = Debug|Any CPU
		{774C4CCD-E70E-43B0-8027-9BF4CC3A7416}.Debug|x64.ActiveCfg = Debug|Any CPU
		{774C4CCD-E70E-43B0-8027-9BF4CC3A7416}.Debug|x64.Build.0 = Debug|Any CPU
		{774C4CCD-E70E-43B0-8027-9BF4CC3A7416}.Debug|x86.ActiveCfg = Debug|Any CPU
		{774C4CCD-E70E-43B0-8027-9BF4CC3A7416}.Debug|x86.Build.0 = Debug|Any CPU
		{774C4CCD-E70E-43B0-8027-9BF4CC3A7416}.Release|Any CPU.ActiveCfg = Release|Any CPU
		{774C4CCD-E70E-43B0-8027-9BF4CC3A7416}.Release|Any CPU.Build.0 = Release|Any CPU
		{774C4CCD-E70E-43B0-8027-9BF4CC3A7416}.Release|ARM.ActiveCfg = Release|Any CPU
		{774C4CCD-E70E-43B0-8027-9BF4CC3A7416}.Release|ARM.Build.0 = Release|Any CPU
		{774C4CCD-E70E-43B0-8027-9BF4CC3A7416}.Release|x64.ActiveCfg = Release|Any CPU
		{774C4CCD-E70E-43B0-8027-9BF4CC3A7416}.Release|x64.Build.0 = Release|Any CPU
		{774C4CCD-E70E-43B0-8027-9BF4CC3A7416}.Release|x86.ActiveCfg = Release|Any CPU
		{774C4CCD-E70E-43B0-8027-9BF4CC3A7416}.Release|x86.Build.0 = Release|Any CPU
		{3AF09D2B-69ED-4833-A365-C8C225E4354A}.Debug|Any CPU.ActiveCfg = Debug|Any CPU
		{3AF09D2B-69ED-4833-A365-C8C225E4354A}.Debug|Any CPU.Build.0 = Debug|Any CPU
		{3AF09D2B-69ED-4833-A365-C8C225E4354A}.Debug|ARM.ActiveCfg = Debug|Any CPU
		{3AF09D2B-69ED-4833-A365-C8C225E4354A}.Debug|ARM.Build.0 = Debug|Any CPU
		{3AF09D2B-69ED-4833-A365-C8C225E4354A}.Debug|x64.ActiveCfg = Debug|Any CPU
		{3AF09D2B-69ED-4833-A365-C8C225E4354A}.Debug|x64.Build.0 = Debug|Any CPU
		{3AF09D2B-69ED-4833-A365-C8C225E4354A}.Debug|x86.ActiveCfg = Debug|Any CPU
		{3AF09D2B-69ED-4833-A365-C8C225E4354A}.Debug|x86.Build.0 = Debug|Any CPU
		{3AF09D2B-69ED-4833-A365-C8C225E4354A}.Release|Any CPU.ActiveCfg = Release|Any CPU
		{3AF09D2B-69ED-4833-A365-C8C225E4354A}.Release|Any CPU.Build.0 = Release|Any CPU
		{3AF09D2B-69ED-4833-A365-C8C225E4354A}.Release|ARM.ActiveCfg = Release|Any CPU
		{3AF09D2B-69ED-4833-A365-C8C225E4354A}.Release|ARM.Build.0 = Release|Any CPU
		{3AF09D2B-69ED-4833-A365-C8C225E4354A}.Release|x64.ActiveCfg = Release|Any CPU
		{3AF09D2B-69ED-4833-A365-C8C225E4354A}.Release|x64.Build.0 = Release|Any CPU
		{3AF09D2B-69ED-4833-A365-C8C225E4354A}.Release|x86.ActiveCfg = Release|Any CPU
		{3AF09D2B-69ED-4833-A365-C8C225E4354A}.Release|x86.Build.0 = Release|Any CPU
		{FD7B1696-A1C7-4A59-B777-6B145843D169}.Debug|Any CPU.ActiveCfg = Debug|x64
		{FD7B1696-A1C7-4A59-B777-6B145843D169}.Debug|Any CPU.Build.0 = Debug|x64
		{FD7B1696-A1C7-4A59-B777-6B145843D169}.Debug|Any CPU.Deploy.0 = Debug|x64
		{FD7B1696-A1C7-4A59-B777-6B145843D169}.Debug|ARM.ActiveCfg = Debug|ARM
		{FD7B1696-A1C7-4A59-B777-6B145843D169}.Debug|ARM.Build.0 = Debug|ARM
		{FD7B1696-A1C7-4A59-B777-6B145843D169}.Debug|ARM.Deploy.0 = Debug|ARM
		{FD7B1696-A1C7-4A59-B777-6B145843D169}.Debug|x64.ActiveCfg = Debug|x64
		{FD7B1696-A1C7-4A59-B777-6B145843D169}.Debug|x64.Build.0 = Debug|x64
		{FD7B1696-A1C7-4A59-B777-6B145843D169}.Debug|x64.Deploy.0 = Debug|x64
		{FD7B1696-A1C7-4A59-B777-6B145843D169}.Debug|x86.ActiveCfg = Debug|x86
		{FD7B1696-A1C7-4A59-B777-6B145843D169}.Debug|x86.Build.0 = Debug|x86
		{FD7B1696-A1C7-4A59-B777-6B145843D169}.Debug|x86.Deploy.0 = Debug|x86
		{FD7B1696-A1C7-4A59-B777-6B145843D169}.Release|Any CPU.ActiveCfg = Release|x64
		{FD7B1696-A1C7-4A59-B777-6B145843D169}.Release|Any CPU.Build.0 = Release|x64
		{FD7B1696-A1C7-4A59-B777-6B145843D169}.Release|Any CPU.Deploy.0 = Release|x64
		{FD7B1696-A1C7-4A59-B777-6B145843D169}.Release|ARM.ActiveCfg = Release|ARM
		{FD7B1696-A1C7-4A59-B777-6B145843D169}.Release|ARM.Build.0 = Release|ARM
		{FD7B1696-A1C7-4A59-B777-6B145843D169}.Release|ARM.Deploy.0 = Release|ARM
		{FD7B1696-A1C7-4A59-B777-6B145843D169}.Release|x64.ActiveCfg = Release|x64
		{FD7B1696-A1C7-4A59-B777-6B145843D169}.Release|x64.Build.0 = Release|x64
		{FD7B1696-A1C7-4A59-B777-6B145843D169}.Release|x64.Deploy.0 = Release|x64
		{FD7B1696-A1C7-4A59-B777-6B145843D169}.Release|x86.ActiveCfg = Release|x86
		{FD7B1696-A1C7-4A59-B777-6B145843D169}.Release|x86.Build.0 = Release|x86
		{FD7B1696-A1C7-4A59-B777-6B145843D169}.Release|x86.Deploy.0 = Release|x86
		{478B8F6B-3610-41EC-B339-73FC57A5984C}.Debug|Any CPU.ActiveCfg = Debug|Any CPU
		{478B8F6B-3610-41EC-B339-73FC57A5984C}.Debug|Any CPU.Build.0 = Debug|Any CPU
		{478B8F6B-3610-41EC-B339-73FC57A5984C}.Debug|Any CPU.Deploy.0 = Debug|Any CPU
		{478B8F6B-3610-41EC-B339-73FC57A5984C}.Debug|ARM.ActiveCfg = Debug|Any CPU
		{478B8F6B-3610-41EC-B339-73FC57A5984C}.Debug|ARM.Build.0 = Debug|Any CPU
		{478B8F6B-3610-41EC-B339-73FC57A5984C}.Debug|ARM.Deploy.0 = Debug|Any CPU
		{478B8F6B-3610-41EC-B339-73FC57A5984C}.Debug|x64.ActiveCfg = Debug|Any CPU
		{478B8F6B-3610-41EC-B339-73FC57A5984C}.Debug|x64.Build.0 = Debug|Any CPU
		{478B8F6B-3610-41EC-B339-73FC57A5984C}.Debug|x64.Deploy.0 = Debug|Any CPU
		{478B8F6B-3610-41EC-B339-73FC57A5984C}.Debug|x86.ActiveCfg = Debug|Any CPU
		{478B8F6B-3610-41EC-B339-73FC57A5984C}.Debug|x86.Build.0 = Debug|Any CPU
		{478B8F6B-3610-41EC-B339-73FC57A5984C}.Debug|x86.Deploy.0 = Debug|Any CPU
		{478B8F6B-3610-41EC-B339-73FC57A5984C}.Release|Any CPU.ActiveCfg = Release|Any CPU
		{478B8F6B-3610-41EC-B339-73FC57A5984C}.Release|Any CPU.Build.0 = Release|Any CPU
		{478B8F6B-3610-41EC-B339-73FC57A5984C}.Release|Any CPU.Deploy.0 = Release|Any CPU
		{478B8F6B-3610-41EC-B339-73FC57A5984C}.Release|ARM.ActiveCfg = Release|Any CPU
		{478B8F6B-3610-41EC-B339-73FC57A5984C}.Release|ARM.Build.0 = Release|Any CPU
		{478B8F6B-3610-41EC-B339-73FC57A5984C}.Release|ARM.Deploy.0 = Release|Any CPU
		{478B8F6B-3610-41EC-B339-73FC57A5984C}.Release|x64.ActiveCfg = Release|Any CPU
		{478B8F6B-3610-41EC-B339-73FC57A5984C}.Release|x64.Build.0 = Release|Any CPU
		{478B8F6B-3610-41EC-B339-73FC57A5984C}.Release|x64.Deploy.0 = Release|Any CPU
		{478B8F6B-3610-41EC-B339-73FC57A5984C}.Release|x86.ActiveCfg = Release|Any CPU
		{478B8F6B-3610-41EC-B339-73FC57A5984C}.Release|x86.Build.0 = Release|Any CPU
		{478B8F6B-3610-41EC-B339-73FC57A5984C}.Release|x86.Deploy.0 = Release|Any CPU
	EndGlobalSection
	GlobalSection(SolutionProperties) = preSolution
		HideSolutionNode = FALSE
	EndGlobalSection
	GlobalSection(NestedProjects) = preSolution
		{DFBC1194-A773-4F40-9B0D-0616221C29EA} = {A00BFB93-31F8-4059-95EE-BA03B9D03DE0}
		{774C4CCD-E70E-43B0-8027-9BF4CC3A7416} = {A00BFB93-31F8-4059-95EE-BA03B9D03DE0}
		{3AF09D2B-69ED-4833-A365-C8C225E4354A} = {A00BFB93-31F8-4059-95EE-BA03B9D03DE0}
		{FD7B1696-A1C7-4A59-B777-6B145843D169} = {4F737F49-2CCE-4EF3-A4AD-F19D1A1EF14D}
		{478B8F6B-3610-41EC-B339-73FC57A5984C} = {37A56A67-DF79-429F-A9B7-6D9E7227DCAA}
	EndGlobalSection
	GlobalSection(ExtensibilityGlobals) = postSolution
		SolutionGuid = {01BCFC34-A70D-45BA-B175-D841812B9DAA}
	EndGlobalSection
EndGlobal
