
Microsoft Visual Studio Solution File, Format Version 12.00
# Visual Studio Version 17
VisualStudioVersion = 17.9.34607.119
MinimumVisualStudioVersion = 10.0.40219.1
Project("{FAE04EC0-301F-11D3-BF4B-00C04F79EFBC}") = "ConversorMonedasMVVM", "ConversorMonedasMVVM\ConversorMonedasMVVM.csproj", "{29918955-6088-4359-A0F0-A90D1795255B}"
EndProject
Global
	GlobalSection(SolutionConfigurationPlatforms) = preSolution
		Debug|Any CPU = Debug|Any CPU
		Release|Any CPU = Release|Any CPU
	EndGlobalSection
	GlobalSection(ProjectConfigurationPlatforms) = postSolution
		{29918955-6088-4359-A0F0-A90D1795255B}.Debug|Any CPU.ActiveCfg = Debug|Any CPU
		{29918955-6088-4359-A0F0-A90D1795255B}.Debug|Any CPU.Build.0 = Debug|Any CPU
		{29918955-6088-4359-A0F0-A90D1795255B}.Debug|Any CPU.Deploy.0 = Debug|Any CPU
		{29918955-6088-4359-A0F0-A90D1795255B}.Release|Any CPU.ActiveCfg = Release|Any CPU
		{29918955-6088-4359-A0F0-A90D1795255B}.Release|Any CPU.Build.0 = Release|Any CPU
		{29918955-6088-4359-A0F0-A90D1795255B}.Release|Any CPU.Deploy.0 = Release|Any CPU
	EndGlobalSection
	GlobalSection(SolutionProperties) = preSolution
		HideSolutionNode = FALSE
	EndGlobalSection
	GlobalSection(ExtensibilityGlobals) = postSolution
		SolutionGuid = {63273257-53AA-4329-A503-36A7E8485AE0}
	EndGlobalSection
EndGlobal
